{
  "object": {
    "pins": [
      {
        "package": "Facebook",
        "repositoryURL": "https://github.com/facebook/facebook-ios-sdk",
        "state": {
          "branch": null,
          "revision": "5d5de15f6a9915d1e2cf63ea8d8c58f2b1e62ee9",
          "version": "6.0.0"
        }
      }
    ]
  },
  "version": 1
}
