// !$*UTF8*$!
{
	archiveVersion = 1;
	classes = {
	};
	objectVersion = 51;
	objects = {

/* Begin PBXBuildFile section */
		48C06077A2AED0D76535CA24 /* Pods_Cely.framework in Frameworks */ = {isa = PBXBuildFile; fileRef = B27EACCBA781961C7A364C8C /* Pods_Cely.framework */; };
		6354F54323D4477E00F7FA78 /* LaunchScreen.storyboard in Resources */ = {isa = PBXBuildFile; fileRef = 6354F54123D4477E00F7FA78 /* LaunchScreen.storyboard */; };
		6354F55A23E0498D00F7FA78 /* FirstOpenPageVC.swift in Sources */ = {isa = PBXBuildFile; fileRef = 6354F55923E0498D00F7FA78 /* FirstOpenPageVC.swift */; };
		6354F55C23EA769A00F7FA78 /* SelectLoginWayVC.swift in Sources */ = {isa = PBXBuildFile; fileRef = 6354F55B23EA769A00F7FA78 /* SelectLoginWayVC.swift */; };
		6354F55E23EA9F0100F7FA78 /* PropertyList.swift in Sources */ = {isa = PBXBuildFile; fileRef = 6354F55D23EA9F0100F7FA78 /* PropertyList.swift */; };
		6354F56023EAAB4600F7FA78 /* LogInByEmailVC.swift in Sources */ = {isa = PBXBuildFile; fileRef = 6354F55F23EAAB4600F7FA78 /* LogInByEmailVC.swift */; };
		6354F56223EAAC7800F7FA78 /* testVC.swift in Sources */ = {isa = PBXBuildFile; fileRef = 6354F56123EAAC7800F7FA78 /* testVC.swift */; };
		6369B7FD23D1A40C009FC9EC /* Instagram Text Logo@2x.png in Resources */ = {isa = PBXBuildFile; fileRef = 6369B7FA23D1A40B009FC9EC /* Instagram Text Logo@2x.png */; };
		6369B7FE23D1A40C009FC9EC /* Instagram Text Logo@3x.png in Resources */ = {isa = PBXBuildFile; fileRef = 6369B7FB23D1A40C009FC9EC /* Instagram Text Logo@3x.png */; };
		6369B7FF23D1A40C009FC9EC /* Instagram Text Logo.png in Resources */ = {isa = PBXBuildFile; fileRef = 6369B7FC23D1A40C009FC9EC /* Instagram Text Logo.png */; };
		63ED248223B1141B00A44DA5 /* AppDelegate.swift in Sources */ = {isa = PBXBuildFile; fileRef = 63ED248123B1141B00A44DA5 /* AppDelegate.swift */; };
		63ED248423B1141B00A44DA5 /* SceneDelegate.swift in Sources */ = {isa = PBXBuildFile; fileRef = 63ED248323B1141B00A44DA5 /* SceneDelegate.swift */; };
		63ED248623B1141B00A44DA5 /* SignUpByEmailVC.swift in Sources */ = {isa = PBXBuildFile; fileRef = 63ED248523B1141B00A44DA5 /* SignUpByEmailVC.swift */; };
		63ED248923B1141B00A44DA5 /* Main.storyboard in Resources */ = {isa = PBXBuildFile; fileRef = 63ED248723B1141B00A44DA5 /* Main.storyboard */; };
		63ED248C23B1141B00A44DA5 /* Cely.xcdatamodeld in Sources */ = {isa = PBXBuildFile; fileRef = 63ED248A23B1141B00A44DA5 /* Cely.xcdatamodeld */; };
		63ED248E23B1141E00A44DA5 /* Assets.xcassets in Resources */ = {isa = PBXBuildFile; fileRef = 63ED248D23B1141E00A44DA5 /* Assets.xcassets */; };
		63ED249C23B1141E00A44DA5 /* CelyTests.swift in Sources */ = {isa = PBXBuildFile; fileRef = 63ED249B23B1141E00A44DA5 /* CelyTests.swift */; };
		63ED24A723B1141E00A44DA5 /* CelyUITests.swift in Sources */ = {isa = PBXBuildFile; fileRef = 63ED24A623B1141E00A44DA5 /* CelyUITests.swift */; };
		63ED24B523CD601E00A44DA5 /* GoogleService-Info.plist in Resources */ = {isa = PBXBuildFile; fileRef = 63ED24B423CD601D00A44DA5 /* GoogleService-Info.plist */; };
		86E513762429E775FAEA75A7 /* Pods_Cely_CelyUITests.framework in Frameworks */ = {isa = PBXBuildFile; fileRef = 6463A790FB729847A22800B4 /* Pods_Cely_CelyUITests.framework */; };
		FA423DF1EE417A091647BB3A /* Pods_CelyTests.framework in Frameworks */ = {isa = PBXBuildFile; fileRef = C261E696DB3A8D157CD7BE21 /* Pods_CelyTests.framework */; };
/* End PBXBuildFile section */

/* Begin PBXContainerItemProxy section */
		63ED249823B1141E00A44DA5 /* PBXContainerItemProxy */ = {
			isa = PBXContainerItemProxy;
			containerPortal = 63ED247623B1141B00A44DA5 /* Project object */;
			proxyType = 1;
			remoteGlobalIDString = 63ED247D23B1141B00A44DA5;
			remoteInfo = Cely;
		};
		63ED24A323B1141E00A44DA5 /* PBXContainerItemProxy */ = {
			isa = PBXContainerItemProxy;
			containerPortal = 63ED247623B1141B00A44DA5 /* Project object */;
			proxyType = 1;
			remoteGlobalIDString = 63ED247D23B1141B00A44DA5;
			remoteInfo = Cely;
		};
/* End PBXContainerItemProxy section */

/* Begin PBXFileReference section */
		023285820BB970841581681F /* Pods-CelyTests.debug.xcconfig */ = {isa = PBXFileReference; includeInIndex = 1; lastKnownFileType = text.xcconfig; name = "Pods-CelyTests.debug.xcconfig"; path = "Target Support Files/Pods-CelyTests/Pods-CelyTests.debug.xcconfig"; sourceTree = "<group>"; };
		281AB85CEF530564884FE2FD /* Pods-Cely-CelyUITests.debug.xcconfig */ = {isa = PBXFileReference; includeInIndex = 1; lastKnownFileType = text.xcconfig; name = "Pods-Cely-CelyUITests.debug.xcconfig"; path = "Target Support Files/Pods-Cely-CelyUITests/Pods-Cely-CelyUITests.debug.xcconfig"; sourceTree = "<group>"; };
		3F1872F946710761978097E7 /* Pods-CelyTests.release.xcconfig */ = {isa = PBXFileReference; includeInIndex = 1; lastKnownFileType = text.xcconfig; name = "Pods-CelyTests.release.xcconfig"; path = "Target Support Files/Pods-CelyTests/Pods-CelyTests.release.xcconfig"; sourceTree = "<group>"; };
		466FFF1A4FD8E2FC522F46D7 /* Pods-Cely-CelyUITests.release.xcconfig */ = {isa = PBXFileReference; includeInIndex = 1; lastKnownFileType = text.xcconfig; name = "Pods-Cely-CelyUITests.release.xcconfig"; path = "Target Support Files/Pods-Cely-CelyUITests/Pods-Cely-CelyUITests.release.xcconfig"; sourceTree = "<group>"; };
		4755FC7EE8C6013397450E24 /* Pods-Cely.release.xcconfig */ = {isa = PBXFileReference; includeInIndex = 1; lastKnownFileType = text.xcconfig; name = "Pods-Cely.release.xcconfig"; path = "Target Support Files/Pods-Cely/Pods-Cely.release.xcconfig"; sourceTree = "<group>"; };
		6354F54223D4477E00F7FA78 /* Base */ = {isa = PBXFileReference; lastKnownFileType = file.storyboard; name = Base; path = Base.lproj/LaunchScreen.storyboard; sourceTree = "<group>"; };
		6354F55923E0498D00F7FA78 /* FirstOpenPageVC.swift */ = {isa = PBXFileReference; lastKnownFileType = sourcecode.swift; path = FirstOpenPageVC.swift; sourceTree = "<group>"; };
		6354F55B23EA769A00F7FA78 /* SelectLoginWayVC.swift */ = {isa = PBXFileReference; lastKnownFileType = sourcecode.swift; path = SelectLoginWayVC.swift; sourceTree = "<group>"; };
		6354F55D23EA9F0100F7FA78 /* PropertyList.swift */ = {isa = PBXFileReference; lastKnownFileType = sourcecode.swift; path = PropertyList.swift; sourceTree = "<group>"; };
		6354F55F23EAAB4600F7FA78 /* LogInByEmailVC.swift */ = {isa = PBXFileReference; lastKnownFileType = sourcecode.swift; path = LogInByEmailVC.swift; sourceTree = "<group>"; };
		6354F56123EAAC7800F7FA78 /* testVC.swift */ = {isa = PBXFileReference; lastKnownFileType = sourcecode.swift; path = testVC.swift; sourceTree = "<group>"; };
		6369B7FA23D1A40B009FC9EC /* Instagram Text Logo@2x.png */ = {isa = PBXFileReference; lastKnownFileType = image.png; path = "Instagram Text Logo@2x.png"; sourceTree = "<group>"; };
		6369B7FB23D1A40C009FC9EC /* Instagram Text Logo@3x.png */ = {isa = PBXFileReference; lastKnownFileType = image.png; path = "Instagram Text Logo@3x.png"; sourceTree = "<group>"; };
		6369B7FC23D1A40C009FC9EC /* Instagram Text Logo.png */ = {isa = PBXFileReference; lastKnownFileType = image.png; path = "Instagram Text Logo.png"; sourceTree = "<group>"; };
		63ED247E23B1141B00A44DA5 /* Cely.app */ = {isa = PBXFileReference; explicitFileType = wrapper.application; includeInIndex = 0; path = Cely.app; sourceTree = BUILT_PRODUCTS_DIR; };
		63ED248123B1141B00A44DA5 /* AppDelegate.swift */ = {isa = PBXFileReference; lastKnownFileType = sourcecode.swift; path = AppDelegate.swift; sourceTree = "<group>"; };
		63ED248323B1141B00A44DA5 /* SceneDelegate.swift */ = {isa = PBXFileReference; lastKnownFileType = sourcecode.swift; path = SceneDelegate.swift; sourceTree = "<group>"; };
		63ED248523B1141B00A44DA5 /* SignUpByEmailVC.swift */ = {isa = PBXFileReference; lastKnownFileType = sourcecode.swift; path = SignUpByEmailVC.swift; sourceTree = "<group>"; };
		63ED248823B1141B00A44DA5 /* Base */ = {isa = PBXFileReference; lastKnownFileType = file.storyboard; name = Base; path = Base.lproj/Main.storyboard; sourceTree = "<group>"; };
		63ED248B23B1141B00A44DA5 /* Cely.xcdatamodel */ = {isa = PBXFileReference; lastKnownFileType = wrapper.xcdatamodel; path = Cely.xcdatamodel; sourceTree = "<group>"; };
		63ED248D23B1141E00A44DA5 /* Assets.xcassets */ = {isa = PBXFileReference; lastKnownFileType = folder.assetcatalog; path = Assets.xcassets; sourceTree = "<group>"; };
		63ED249223B1141E00A44DA5 /* Info.plist */ = {isa = PBXFileReference; lastKnownFileType = text.plist.xml; path = Info.plist; sourceTree = "<group>"; };
		63ED249723B1141E00A44DA5 /* CelyTests.xctest */ = {isa = PBXFileReference; explicitFileType = wrapper.cfbundle; includeInIndex = 0; path = CelyTests.xctest; sourceTree = BUILT_PRODUCTS_DIR; };
		63ED249B23B1141E00A44DA5 /* CelyTests.swift */ = {isa = PBXFileReference; lastKnownFileType = sourcecode.swift; path = CelyTests.swift; sourceTree = "<group>"; };
		63ED249D23B1141E00A44DA5 /* Info.plist */ = {isa = PBXFileReference; lastKnownFileType = text.plist.xml; path = Info.plist; sourceTree = "<group>"; };
		63ED24A223B1141E00A44DA5 /* CelyUITests.xctest */ = {isa = PBXFileReference; explicitFileType = wrapper.cfbundle; includeInIndex = 0; path = CelyUITests.xctest; sourceTree = BUILT_PRODUCTS_DIR; };
		63ED24A623B1141E00A44DA5 /* CelyUITests.swift */ = {isa = PBXFileReference; lastKnownFileType = sourcecode.swift; path = CelyUITests.swift; sourceTree = "<group>"; };
		63ED24A823B1141E00A44DA5 /* Info.plist */ = {isa = PBXFileReference; lastKnownFileType = text.plist.xml; path = Info.plist; sourceTree = "<group>"; };
		63ED24B423CD601D00A44DA5 /* GoogleService-Info.plist */ = {isa = PBXFileReference; fileEncoding = 4; lastKnownFileType = text.plist.xml; path = "GoogleService-Info.plist"; sourceTree = "<group>"; };
		6463A790FB729847A22800B4 /* Pods_Cely_CelyUITests.framework */ = {isa = PBXFileReference; explicitFileType = wrapper.framework; includeInIndex = 0; path = Pods_Cely_CelyUITests.framework; sourceTree = BUILT_PRODUCTS_DIR; };
		AB6BED9B974423FA71F67C34 /* Pods-Cely.debug.xcconfig */ = {isa = PBXFileReference; includeInIndex = 1; lastKnownFileType = text.xcconfig; name = "Pods-Cely.debug.xcconfig"; path = "Target Support Files/Pods-Cely/Pods-Cely.debug.xcconfig"; sourceTree = "<group>"; };
		B27EACCBA781961C7A364C8C /* Pods_Cely.framework */ = {isa = PBXFileReference; explicitFileType = wrapper.framework; includeInIndex = 0; path = Pods_Cely.framework; sourceTree = BUILT_PRODUCTS_DIR; };
		C261E696DB3A8D157CD7BE21 /* Pods_CelyTests.framework */ = {isa = PBXFileReference; explicitFileType = wrapper.framework; includeInIndex = 0; path = Pods_CelyTests.framework; sourceTree = BUILT_PRODUCTS_DIR; };
/* End PBXFileReference section */

/* Begin PBXFrameworksBuildPhase section */
		63ED247B23B1141B00A44DA5 /* Frameworks */ = {
			isa = PBXFrameworksBuildPhase;
			buildActionMask = 2147483647;
			files = (
				48C06077A2AED0D76535CA24 /* Pods_Cely.framework in Frameworks */,
			);
			runOnlyForDeploymentPostprocessing = 0;
		};
		63ED249423B1141E00A44DA5 /* Frameworks */ = {
			isa = PBXFrameworksBuildPhase;
			buildActionMask = 2147483647;
			files = (
				FA423DF1EE417A091647BB3A /* Pods_CelyTests.framework in Frameworks */,
			);
			runOnlyForDeploymentPostprocessing = 0;
		};
		63ED249F23B1141E00A44DA5 /* Frameworks */ = {
			isa = PBXFrameworksBuildPhase;
			buildActionMask = 2147483647;
			files = (
				86E513762429E775FAEA75A7 /* Pods_Cely_CelyUITests.framework in Frameworks */,
			);
			runOnlyForDeploymentPostprocessing = 0;
		};
/* End PBXFrameworksBuildPhase section */

/* Begin PBXGroup section */
		42452A8992B1BE5297D1DF14 /* Frameworks */ = {
			isa = PBXGroup;
			children = (
				B27EACCBA781961C7A364C8C /* Pods_Cely.framework */,
				6463A790FB729847A22800B4 /* Pods_Cely_CelyUITests.framework */,
				C261E696DB3A8D157CD7BE21 /* Pods_CelyTests.framework */,
			);
			name = Frameworks;
			sourceTree = "<group>";
		};
		554ED016D6115B42AE296757 /* Pods */ = {
			isa = PBXGroup;
			children = (
				AB6BED9B974423FA71F67C34 /* Pods-Cely.debug.xcconfig */,
				4755FC7EE8C6013397450E24 /* Pods-Cely.release.xcconfig */,
				281AB85CEF530564884FE2FD /* Pods-Cely-CelyUITests.debug.xcconfig */,
				466FFF1A4FD8E2FC522F46D7 /* Pods-Cely-CelyUITests.release.xcconfig */,
				023285820BB970841581681F /* Pods-CelyTests.debug.xcconfig */,
				3F1872F946710761978097E7 /* Pods-CelyTests.release.xcconfig */,
			);
			path = Pods;
			sourceTree = "<group>";
		};
		6369B7F823D1A349009FC9EC /* Imagefile */ = {
			isa = PBXGroup;
			children = (
				6369B7F923D1A35E009FC9EC /* Logo */,
			);
			path = Imagefile;
			sourceTree = "<group>";
		};
		6369B7F923D1A35E009FC9EC /* Logo */ = {
			isa = PBXGroup;
			children = (
				6369B7FC23D1A40C009FC9EC /* Instagram Text Logo.png */,
				6369B7FA23D1A40B009FC9EC /* Instagram Text Logo@2x.png */,
				6369B7FB23D1A40C009FC9EC /* Instagram Text Logo@3x.png */,
			);
			path = Logo;
			sourceTree = "<group>";
		};
		63ED247523B1141B00A44DA5 = {
			isa = PBXGroup;
			children = (
				6369B7F823D1A349009FC9EC /* Imagefile */,
				63ED248023B1141B00A44DA5 /* Cely */,
				63ED249A23B1141E00A44DA5 /* CelyTests */,
				63ED24A523B1141E00A44DA5 /* CelyUITests */,
				63ED247F23B1141B00A44DA5 /* Products */,
				554ED016D6115B42AE296757 /* Pods */,
				42452A8992B1BE5297D1DF14 /* Frameworks */,
			);
			sourceTree = "<group>";
		};
		63ED247F23B1141B00A44DA5 /* Products */ = {
			isa = PBXGroup;
			children = (
				63ED247E23B1141B00A44DA5 /* Cely.app */,
				63ED249723B1141E00A44DA5 /* CelyTests.xctest */,
				63ED24A223B1141E00A44DA5 /* CelyUITests.xctest */,
			);
			name = Products;
			sourceTree = "<group>";
		};
		63ED248023B1141B00A44DA5 /* Cely */ = {
			isa = PBXGroup;
			children = (
				63ED24B923CE147100A44DA5 /* Model */,
				63ED24B823CE145900A44DA5 /* ViewController */,
				63ED24B723CE140B00A44DA5 /* View */,
				63ED248123B1141B00A44DA5 /* AppDelegate.swift */,
				63ED248323B1141B00A44DA5 /* SceneDelegate.swift */,
				63ED248D23B1141E00A44DA5 /* Assets.xcassets */,
				63ED249223B1141E00A44DA5 /* Info.plist */,
				63ED24B423CD601D00A44DA5 /* GoogleService-Info.plist */,
				63ED248A23B1141B00A44DA5 /* Cely.xcdatamodeld */,
			);
			path = Cely;
			sourceTree = "<group>";
		};
		63ED249A23B1141E00A44DA5 /* CelyTests */ = {
			isa = PBXGroup;
			children = (
				63ED249B23B1141E00A44DA5 /* CelyTests.swift */,
				63ED249D23B1141E00A44DA5 /* Info.plist */,
			);
			path = CelyTests;
			sourceTree = "<group>";
		};
		63ED24A523B1141E00A44DA5 /* CelyUITests */ = {
			isa = PBXGroup;
			children = (
				63ED24A623B1141E00A44DA5 /* CelyUITests.swift */,
				63ED24A823B1141E00A44DA5 /* Info.plist */,
			);
			path = CelyUITests;
			sourceTree = "<group>";
		};
		63ED24B723CE140B00A44DA5 /* View */ = {
			isa = PBXGroup;
			children = (
				63ED248723B1141B00A44DA5 /* Main.storyboard */,
				6354F54123D4477E00F7FA78 /* LaunchScreen.storyboard */,
			);
			path = View;
			sourceTree = "<group>";
		};
		63ED24B823CE145900A44DA5 /* ViewController */ = {
			isa = PBXGroup;
			children = (
				6354F55923E0498D00F7FA78 /* FirstOpenPageVC.swift */,
				6354F55B23EA769A00F7FA78 /* SelectLoginWayVC.swift */,
				63ED248523B1141B00A44DA5 /* SignUpByEmailVC.swift */,
				6354F55F23EAAB4600F7FA78 /* LogInByEmailVC.swift */,
				6354F56123EAAC7800F7FA78 /* testVC.swift */,
			);
			path = ViewController;
			sourceTree = "<group>";
		};
		63ED24B923CE147100A44DA5 /* Model */ = {
			isa = PBXGroup;
			children = (
				6354F55D23EA9F0100F7FA78 /* PropertyList.swift */,
			);
			path = Model;
			sourceTree = "<group>";
		};
/* End PBXGroup section */

/* Begin PBXNativeTarget section */
		63ED247D23B1141B00A44DA5 /* Cely */ = {
			isa = PBXNativeTarget;
			buildConfigurationList = 63ED24AB23B1141E00A44DA5 /* Build configuration list for PBXNativeTarget "Cely" */;
			buildPhases = (
				08687A7F9F7E3FFF7E95A4F0 /* [CP] Check Pods Manifest.lock */,
				63ED247A23B1141B00A44DA5 /* Sources */,
				63ED247B23B1141B00A44DA5 /* Frameworks */,
				63ED247C23B1141B00A44DA5 /* Resources */,
				94847C98EAABAC716558BFAD /* [CP] Embed Pods Frameworks */,
				1387A62234ADE3E32B8DE17E /* [CP] Copy Pods Resources */,
			);
			buildRules = (
			);
			dependencies = (
			);
			name = Cely;
			productName = Cely;
			productReference = 63ED247E23B1141B00A44DA5 /* Cely.app */;
			productType = "com.apple.product-type.application";
		};
		63ED249623B1141E00A44DA5 /* CelyTests */ = {
			isa = PBXNativeTarget;
			buildConfigurationList = 63ED24AE23B1141E00A44DA5 /* Build configuration list for PBXNativeTarget "CelyTests" */;
			buildPhases = (
				E1D791D4B7E5A11EF0F1C915 /* [CP] Check Pods Manifest.lock */,
				63ED249323B1141E00A44DA5 /* Sources */,
				63ED249423B1141E00A44DA5 /* Frameworks */,
				63ED249523B1141E00A44DA5 /* Resources */,
			);
			buildRules = (
			);
			dependencies = (
				63ED249923B1141E00A44DA5 /* PBXTargetDependency */,
			);
			name = CelyTests;
			productName = CelyTests;
			productReference = 63ED249723B1141E00A44DA5 /* CelyTests.xctest */;
			productType = "com.apple.product-type.bundle.unit-test";
		};
		63ED24A123B1141E00A44DA5 /* CelyUITests */ = {
			isa = PBXNativeTarget;
			buildConfigurationList = 63ED24B123B1141E00A44DA5 /* Build configuration list for PBXNativeTarget "CelyUITests" */;
			buildPhases = (
				E27C58FE068CE65AB4203012 /* [CP] Check Pods Manifest.lock */,
				63ED249E23B1141E00A44DA5 /* Sources */,
				63ED249F23B1141E00A44DA5 /* Frameworks */,
				63ED24A023B1141E00A44DA5 /* Resources */,
				AAB82A33E1CB2D891E3AE4B3 /* [CP] Embed Pods Frameworks */,
				FC00B4EC9E3BC6C1AA710888 /* [CP] Copy Pods Resources */,
			);
			buildRules = (
			);
			dependencies = (
				63ED24A423B1141E00A44DA5 /* PBXTargetDependency */,
			);
			name = CelyUITests;
			productName = CelyUITests;
			productReference = 63ED24A223B1141E00A44DA5 /* CelyUITests.xctest */;
			productType = "com.apple.product-type.bundle.ui-testing";
		};
/* End PBXNativeTarget section */

/* Begin PBXProject section */
		63ED247623B1141B00A44DA5 /* Project object */ = {
			isa = PBXProject;
			attributes = {
				LastSwiftUpdateCheck = 1130;
				LastUpgradeCheck = 1130;
				ORGANIZATIONNAME = "김재석";
				TargetAttributes = {
					63ED247D23B1141B00A44DA5 = {
						CreatedOnToolsVersion = 11.3;
					};
					63ED249623B1141E00A44DA5 = {
						CreatedOnToolsVersion = 11.3;
						TestTargetID = 63ED247D23B1141B00A44DA5;
					};
					63ED24A123B1141E00A44DA5 = {
						CreatedOnToolsVersion = 11.3;
						TestTargetID = 63ED247D23B1141B00A44DA5;
					};
				};
			};
			buildConfigurationList = 63ED247923B1141B00A44DA5 /* Build configuration list for PBXProject "Cely" */;
			compatibilityVersion = "Xcode 9.3";
			developmentRegion = en;
			hasScannedForEncodings = 0;
			knownRegions = (
				en,
				Base,
			);
			mainGroup = 63ED247523B1141B00A44DA5;
			productRefGroup = 63ED247F23B1141B00A44DA5 /* Products */;
			projectDirPath = "";
			projectRoot = "";
			targets = (
				63ED247D23B1141B00A44DA5 /* Cely */,
				63ED249623B1141E00A44DA5 /* CelyTests */,
				63ED24A123B1141E00A44DA5 /* CelyUITests */,
			);
		};
/* End PBXProject section */

/* Begin PBXResourcesBuildPhase section */
		63ED247C23B1141B00A44DA5 /* Resources */ = {
			isa = PBXResourcesBuildPhase;
			buildActionMask = 2147483647;
			files = (
				6369B7FF23D1A40C009FC9EC /* Instagram Text Logo.png in Resources */,
				63ED24B523CD601E00A44DA5 /* GoogleService-Info.plist in Resources */,
				6369B7FE23D1A40C009FC9EC /* Instagram Text Logo@3x.png in Resources */,
				6369B7FD23D1A40C009FC9EC /* Instagram Text Logo@2x.png in Resources */,
				6354F54323D4477E00F7FA78 /* LaunchScreen.storyboard in Resources */,
				63ED248E23B1141E00A44DA5 /* Assets.xcassets in Resources */,
				63ED248923B1141B00A44DA5 /* Main.storyboard in Resources */,
			);
			runOnlyForDeploymentPostprocessing = 0;
		};
		63ED249523B1141E00A44DA5 /* Resources */ = {
			isa = PBXResourcesBuildPhase;
			buildActionMask = 2147483647;
			files = (
			);
			runOnlyForDeploymentPostprocessing = 0;
		};
		63ED24A023B1141E00A44DA5 /* Resources */ = {
			isa = PBXResourcesBuildPhase;
			buildActionMask = 2147483647;
			files = (
			);
			runOnlyForDeploymentPostprocessing = 0;
		};
/* End PBXResourcesBuildPhase section */

/* Begin PBXShellScriptBuildPhase section */
		08687A7F9F7E3FFF7E95A4F0 /* [CP] Check Pods Manifest.lock */ = {
			isa = PBXShellScriptBuildPhase;
			buildActionMask = 2147483647;
			files = (
			);
			inputFileListPaths = (
			);
			inputPaths = (
				"${PODS_PODFILE_DIR_PATH}/Podfile.lock",
				"${PODS_ROOT}/Manifest.lock",
			);
			name = "[CP] Check Pods Manifest.lock";
			outputFileListPaths = (
			);
			outputPaths = (
				"$(DERIVED_FILE_DIR)/Pods-Cely-checkManifestLockResult.txt",
			);
			runOnlyForDeploymentPostprocessing = 0;
			shellPath = /bin/sh;
			shellScript = "diff \"${PODS_PODFILE_DIR_PATH}/Podfile.lock\" \"${PODS_ROOT}/Manifest.lock\" > /dev/null\nif [ $? != 0 ] ; then\n    # print error to STDERR\n    echo \"error: The sandbox is not in sync with the Podfile.lock. Run 'pod install' or update your CocoaPods installation.\" >&2\n    exit 1\nfi\n# This output is used by Xcode 'outputs' to avoid re-running this script phase.\necho \"SUCCESS\" > \"${SCRIPT_OUTPUT_FILE_0}\"\n";
			showEnvVarsInLog = 0;
		};
		1387A62234ADE3E32B8DE17E /* [CP] Copy Pods Resources */ = {
			isa = PBXShellScriptBuildPhase;
			buildActionMask = 2147483647;
			files = (
			);
			inputFileListPaths = (
				"${PODS_ROOT}/Target Support Files/Pods-Cely/Pods-Cely-resources-${CONFIGURATION}-input-files.xcfilelist",
			);
			name = "[CP] Copy Pods Resources";
			outputFileListPaths = (
				"${PODS_ROOT}/Target Support Files/Pods-Cely/Pods-Cely-resources-${CONFIGURATION}-output-files.xcfilelist",
			);
			runOnlyForDeploymentPostprocessing = 0;
			shellPath = /bin/sh;
			shellScript = "\"${PODS_ROOT}/Target Support Files/Pods-Cely/Pods-Cely-resources.sh\"\n";
			showEnvVarsInLog = 0;
		};
		94847C98EAABAC716558BFAD /* [CP] Embed Pods Frameworks */ = {
			isa = PBXShellScriptBuildPhase;
			buildActionMask = 2147483647;
			files = (
			);
			inputFileListPaths = (
				"${PODS_ROOT}/Target Support Files/Pods-Cely/Pods-Cely-frameworks-${CONFIGURATION}-input-files.xcfilelist",
			);
			name = "[CP] Embed Pods Frameworks";
			outputFileListPaths = (
				"${PODS_ROOT}/Target Support Files/Pods-Cely/Pods-Cely-frameworks-${CONFIGURATION}-output-files.xcfilelist",
			);
			runOnlyForDeploymentPostprocessing = 0;
			shellPath = /bin/sh;
			shellScript = "\"${PODS_ROOT}/Target Support Files/Pods-Cely/Pods-Cely-frameworks.sh\"\n";
			showEnvVarsInLog = 0;
		};
		AAB82A33E1CB2D891E3AE4B3 /* [CP] Embed Pods Frameworks */ = {
			isa = PBXShellScriptBuildPhase;
			buildActionMask = 2147483647;
			files = (
			);
			inputFileListPaths = (
				"${PODS_ROOT}/Target Support Files/Pods-Cely-CelyUITests/Pods-Cely-CelyUITests-frameworks-${CONFIGURATION}-input-files.xcfilelist",
			);
			name = "[CP] Embed Pods Frameworks";
			outputFileListPaths = (
				"${PODS_ROOT}/Target Support Files/Pods-Cely-CelyUITests/Pods-Cely-CelyUITests-frameworks-${CONFIGURATION}-output-files.xcfilelist",
			);
			runOnlyForDeploymentPostprocessing = 0;
			shellPath = /bin/sh;
			shellScript = "\"${PODS_ROOT}/Target Support Files/Pods-Cely-CelyUITests/Pods-Cely-CelyUITests-frameworks.sh\"\n";
			showEnvVarsInLog = 0;
		};
		E1D791D4B7E5A11EF0F1C915 /* [CP] Check Pods Manifest.lock */ = {
			isa = PBXShellScriptBuildPhase;
			buildActionMask = 2147483647;
			files = (
			);
			inputFileListPaths = (
			);
			inputPaths = (
				"${PODS_PODFILE_DIR_PATH}/Podfile.lock",
				"${PODS_ROOT}/Manifest.lock",
			);
			name = "[CP] Check Pods Manifest.lock";
			outputFileListPaths = (
			);
			outputPaths = (
				"$(DERIVED_FILE_DIR)/Pods-CelyTests-checkManifestLockResult.txt",
			);
			runOnlyForDeploymentPostprocessing = 0;
			shellPath = /bin/sh;
			shellScript = "diff \"${PODS_PODFILE_DIR_PATH}/Podfile.lock\" \"${PODS_ROOT}/Manifest.lock\" > /dev/null\nif [ $? != 0 ] ; then\n    # print error to STDERR\n    echo \"error: The sandbox is not in sync with the Podfile.lock. Run 'pod install' or update your CocoaPods installation.\" >&2\n    exit 1\nfi\n# This output is used by Xcode 'outputs' to avoid re-running this script phase.\necho \"SUCCESS\" > \"${SCRIPT_OUTPUT_FILE_0}\"\n";
			showEnvVarsInLog = 0;
		};
		E27C58FE068CE65AB4203012 /* [CP] Check Pods Manifest.lock */ = {
			isa = PBXShellScriptBuildPhase;
			buildActionMask = 2147483647;
			files = (
			);
			inputFileListPaths = (
			);
			inputPaths = (
				"${PODS_PODFILE_DIR_PATH}/Podfile.lock",
				"${PODS_ROOT}/Manifest.lock",
			);
			name = "[CP] Check Pods Manifest.lock";
			outputFileListPaths = (
			);
			outputPaths = (
				"$(DERIVED_FILE_DIR)/Pods-Cely-CelyUITests-checkManifestLockResult.txt",
			);
			runOnlyForDeploymentPostprocessing = 0;
			shellPath = /bin/sh;
			shellScript = "diff \"${PODS_PODFILE_DIR_PATH}/Podfile.lock\" \"${PODS_ROOT}/Manifest.lock\" > /dev/null\nif [ $? != 0 ] ; then\n    # print error to STDERR\n    echo \"error: The sandbox is not in sync with the Podfile.lock. Run 'pod install' or update your CocoaPods installation.\" >&2\n    exit 1\nfi\n# This output is used by Xcode 'outputs' to avoid re-running this script phase.\necho \"SUCCESS\" > \"${SCRIPT_OUTPUT_FILE_0}\"\n";
			showEnvVarsInLog = 0;
		};
		FC00B4EC9E3BC6C1AA710888 /* [CP] Copy Pods Resources */ = {
			isa = PBXShellScriptBuildPhase;
			buildActionMask = 2147483647;
			files = (
			);
			inputFileListPaths = (
				"${PODS_ROOT}/Target Support Files/Pods-Cely-CelyUITests/Pods-Cely-CelyUITests-resources-${CONFIGURATION}-input-files.xcfilelist",
			);
			name = "[CP] Copy Pods Resources";
			outputFileListPaths = (
				"${PODS_ROOT}/Target Support Files/Pods-Cely-CelyUITests/Pods-Cely-CelyUITests-resources-${CONFIGURATION}-output-files.xcfilelist",
			);
			runOnlyForDeploymentPostprocessing = 0;
			shellPath = /bin/sh;
			shellScript = "\"${PODS_ROOT}/Target Support Files/Pods-Cely-CelyUITests/Pods-Cely-CelyUITests-resources.sh\"\n";
			showEnvVarsInLog = 0;
		};
/* End PBXShellScriptBuildPhase section */

/* Begin PBXSourcesBuildPhase section */
		63ED247A23B1141B00A44DA5 /* Sources */ = {
			isa = PBXSourcesBuildPhase;
			buildActionMask = 2147483647;
			files = (
				6354F55C23EA769A00F7FA78 /* SelectLoginWayVC.swift in Sources */,
				6354F55A23E0498D00F7FA78 /* FirstOpenPageVC.swift in Sources */,
				6354F56223EAAC7800F7FA78 /* testVC.swift in Sources */,
				63ED248623B1141B00A44DA5 /* SignUpByEmailVC.swift in Sources */,
				63ED248223B1141B00A44DA5 /* AppDelegate.swift in Sources */,
				6354F56023EAAB4600F7FA78 /* LogInByEmailVC.swift in Sources */,
				63ED248C23B1141B00A44DA5 /* Cely.xcdatamodeld in Sources */,
				63ED248423B1141B00A44DA5 /* SceneDelegate.swift in Sources */,
				6354F55E23EA9F0100F7FA78 /* PropertyList.swift in Sources */,
			);
			runOnlyForDeploymentPostprocessing = 0;
		};
		63ED249323B1141E00A44DA5 /* Sources */ = {
			isa = PBXSourcesBuildPhase;
			buildActionMask = 2147483647;
			files = (
				63ED249C23B1141E00A44DA5 /* CelyTests.swift in Sources */,
			);
			runOnlyForDeploymentPostprocessing = 0;
		};
		63ED249E23B1141E00A44DA5 /* Sources */ = {
			isa = PBXSourcesBuildPhase;
			buildActionMask = 2147483647;
			files = (
				63ED24A723B1141E00A44DA5 /* CelyUITests.swift in Sources */,
			);
			runOnlyForDeploymentPostprocessing = 0;
		};
/* End PBXSourcesBuildPhase section */

/* Begin PBXTargetDependency section */
		63ED249923B1141E00A44DA5 /* PBXTargetDependency */ = {
			isa = PBXTargetDependency;
			target = 63ED247D23B1141B00A44DA5 /* Cely */;
			targetProxy = 63ED249823B1141E00A44DA5 /* PBXContainerItemProxy */;
		};
		63ED24A423B1141E00A44DA5 /* PBXTargetDependency */ = {
			isa = PBXTargetDependency;
			target = 63ED247D23B1141B00A44DA5 /* Cely */;
			targetProxy = 63ED24A323B1141E00A44DA5 /* PBXContainerItemProxy */;
		};
/* End PBXTargetDependency section */

/* Begin PBXVariantGroup section */
		6354F54123D4477E00F7FA78 /* LaunchScreen.storyboard */ = {
			isa = PBXVariantGroup;
			children = (
				6354F54223D4477E00F7FA78 /* Base */,
			);
			name = LaunchScreen.storyboard;
			sourceTree = "<group>";
		};
		63ED248723B1141B00A44DA5 /* Main.storyboard */ = {
			isa = PBXVariantGroup;
			children = (
				63ED248823B1141B00A44DA5 /* Base */,
			);
			name = Main.storyboard;
			sourceTree = "<group>";
		};
/* End PBXVariantGroup section */

/* Begin XCBuildConfiguration section */
		63ED24A923B1141E00A44DA5 /* Debug */ = {
			isa = XCBuildConfiguration;
			buildSettings = {
				ALWAYS_SEARCH_USER_PATHS = NO;
				CLANG_ANALYZER_NONNULL = YES;
				CLANG_ANALYZER_NUMBER_OBJECT_CONVERSION = YES_AGGRESSIVE;
				CLANG_CXX_LANGUAGE_STANDARD = "gnu++14";
				CLANG_CXX_LIBRARY = "libc++";
				CLANG_ENABLE_MODULES = YES;
				CLANG_ENABLE_OBJC_ARC = YES;
				CLANG_ENABLE_OBJC_WEAK = YES;
				CLANG_WARN_BLOCK_CAPTURE_AUTORELEASING = YES;
				CLANG_WARN_BOOL_CONVERSION = YES;
				CLANG_WARN_COMMA = YES;
				CLANG_WARN_CONSTANT_CONVERSION = YES;
				CLANG_WARN_DEPRECATED_OBJC_IMPLEMENTATIONS = YES;
				CLANG_WARN_DIRECT_OBJC_ISA_USAGE = YES_ERROR;
				CLANG_WARN_DOCUMENTATION_COMMENTS = YES;
				CLANG_WARN_EMPTY_BODY = YES;
				CLANG_WARN_ENUM_CONVERSION = YES;
				CLANG_WARN_INFINITE_RECURSION = YES;
				CLANG_WARN_INT_CONVERSION = YES;
				CLANG_WARN_NON_LITERAL_NULL_CONVERSION = YES;
				CLANG_WARN_OBJC_IMPLICIT_RETAIN_SELF = YES;
				CLANG_WARN_OBJC_LITERAL_CONVERSION = YES;
				CLANG_WARN_OBJC_ROOT_CLASS = YES_ERROR;
				CLANG_WARN_RANGE_LOOP_ANALYSIS = YES;
				CLANG_WARN_STRICT_PROTOTYPES = YES;
				CLANG_WARN_SUSPICIOUS_MOVE = YES;
				CLANG_WARN_UNGUARDED_AVAILABILITY = YES_AGGRESSIVE;
				CLANG_WARN_UNREACHABLE_CODE = YES;
				CLANG_WARN__DUPLICATE_METHOD_MATCH = YES;
				COPY_PHASE_STRIP = NO;
				DEBUG_INFORMATION_FORMAT = dwarf;
				ENABLE_STRICT_OBJC_MSGSEND = YES;
				ENABLE_TESTABILITY = YES;
				GCC_C_LANGUAGE_STANDARD = gnu11;
				GCC_DYNAMIC_NO_PIC = NO;
				GCC_NO_COMMON_BLOCKS = YES;
				GCC_OPTIMIZATION_LEVEL = 0;
				GCC_PREPROCESSOR_DEFINITIONS = (
					"DEBUG=1",
					"$(inherited)",
				);
				GCC_WARN_64_TO_32_BIT_CONVERSION = YES;
				GCC_WARN_ABOUT_RETURN_TYPE = YES_ERROR;
				GCC_WARN_UNDECLARED_SELECTOR = YES;
				GCC_WARN_UNINITIALIZED_AUTOS = YES_AGGRESSIVE;
				GCC_WARN_UNUSED_FUNCTION = YES;
				GCC_WARN_UNUSED_VARIABLE = YES;
				IPHONEOS_DEPLOYMENT_TARGET = 13.2;
				MTL_ENABLE_DEBUG_INFO = INCLUDE_SOURCE;
				MTL_FAST_MATH = YES;
				ONLY_ACTIVE_ARCH = YES;
				SDKROOT = iphoneos;
				SWIFT_ACTIVE_COMPILATION_CONDITIONS = DEBUG;
				SWIFT_OPTIMIZATION_LEVEL = "-Onone";
			};
			name = Debug;
		};
		63ED24AA23B1141E00A44DA5 /* Release */ = {
			isa = XCBuildConfiguration;
			buildSettings = {
				ALWAYS_SEARCH_USER_PATHS = NO;
				CLANG_ANALYZER_NONNULL = YES;
				CLANG_ANALYZER_NUMBER_OBJECT_CONVERSION = YES_AGGRESSIVE;
				CLANG_CXX_LANGUAGE_STANDARD = "gnu++14";
				CLANG_CXX_LIBRARY = "libc++";
				CLANG_ENABLE_MODULES = YES;
				CLANG_ENABLE_OBJC_ARC = YES;
				CLANG_ENABLE_OBJC_WEAK = YES;
				CLANG_WARN_BLOCK_CAPTURE_AUTORELEASING = YES;
				CLANG_WARN_BOOL_CONVERSION = YES;
				CLANG_WARN_COMMA = YES;
				CLANG_WARN_CONSTANT_CONVERSION = YES;
				CLANG_WARN_DEPRECATED_OBJC_IMPLEMENTATIONS = YES;
				CLANG_WARN_DIRECT_OBJC_ISA_USAGE = YES_ERROR;
				CLANG_WARN_DOCUMENTATION_COMMENTS = YES;
				CLANG_WARN_EMPTY_BODY = YES;
				CLANG_WARN_ENUM_CONVERSION = YES;
				CLANG_WARN_INFINITE_RECURSION = YES;
				CLANG_WARN_INT_CONVERSION = YES;
				CLANG_WARN_NON_LITERAL_NULL_CONVERSION = YES;
				CLANG_WARN_OBJC_IMPLICIT_RETAIN_SELF = YES;
				CLANG_WARN_OBJC_LITERAL_CONVERSION = YES;
				CLANG_WARN_OBJC_ROOT_CLASS = YES_ERROR;
				CLANG_WARN_RANGE_LOOP_ANALYSIS = YES;
				CLANG_WARN_STRICT_PROTOTYPES = YES;
				CLANG_WARN_SUSPICIOUS_MOVE = YES;
				CLANG_WARN_UNGUARDED_AVAILABILITY = YES_AGGRESSIVE;
				CLANG_WARN_UNREACHABLE_CODE = YES;
				CLANG_WARN__DUPLICATE_METHOD_MATCH = YES;
				COPY_PHASE_STRIP = NO;
				DEBUG_INFORMATION_FORMAT = "dwarf-with-dsym";
				ENABLE_NS_ASSERTIONS = NO;
				ENABLE_STRICT_OBJC_MSGSEND = YES;
				GCC_C_LANGUAGE_STANDARD = gnu11;
				GCC_NO_COMMON_BLOCKS = YES;
				GCC_WARN_64_TO_32_BIT_CONVERSION = YES;
				GCC_WARN_ABOUT_RETURN_TYPE = YES_ERROR;
				GCC_WARN_UNDECLARED_SELECTOR = YES;
				GCC_WARN_UNINITIALIZED_AUTOS = YES_AGGRESSIVE;
				GCC_WARN_UNUSED_FUNCTION = YES;
				GCC_WARN_UNUSED_VARIABLE = YES;
				IPHONEOS_DEPLOYMENT_TARGET = 13.2;
				MTL_ENABLE_DEBUG_INFO = NO;
				MTL_FAST_MATH = YES;
				SDKROOT = iphoneos;
				SWIFT_COMPILATION_MODE = wholemodule;
				SWIFT_OPTIMIZATION_LEVEL = "-O";
				VALIDATE_PRODUCT = YES;
			};
			name = Release;
		};
		63ED24AC23B1141E00A44DA5 /* Debug */ = {
			isa = XCBuildConfiguration;
			baseConfigurationReference = AB6BED9B974423FA71F67C34 /* Pods-Cely.debug.xcconfig */;
			buildSettings = {
				ASSETCATALOG_COMPILER_APPICON_NAME = AppIcon;
				CODE_SIGN_STYLE = Automatic;
				DEVELOPMENT_TEAM = 48647M79X3;
				INFOPLIST_FILE = Cely/Info.plist;
				LD_RUNPATH_SEARCH_PATHS = (
					"$(inherited)",
					"@executable_path/Frameworks",
				);
				PRODUCT_BUNDLE_IDENTIFIER = com.Cely;
				PRODUCT_NAME = "$(TARGET_NAME)";
				SWIFT_VERSION = 5.0;
				TARGETED_DEVICE_FAMILY = "1,2";
			};
			name = Debug;
		};
		63ED24AD23B1141E00A44DA5 /* Release */ = {
			isa = XCBuildConfiguration;
			baseConfigurationReference = 4755FC7EE8C6013397450E24 /* Pods-Cely.release.xcconfig */;
			buildSettings = {
				ASSETCATALOG_COMPILER_APPICON_NAME = AppIcon;
				CODE_SIGN_STYLE = Automatic;
				DEVELOPMENT_TEAM = 48647M79X3;
				INFOPLIST_FILE = Cely/Info.plist;
				LD_RUNPATH_SEARCH_PATHS = (
					"$(inherited)",
					"@executable_path/Frameworks",
				);
				PRODUCT_BUNDLE_IDENTIFIER = com.Cely;
				PRODUCT_NAME = "$(TARGET_NAME)";
				SWIFT_VERSION = 5.0;
				TARGETED_DEVICE_FAMILY = "1,2";
			};
			name = Release;
		};
		63ED24AF23B1141E00A44DA5 /* Debug */ = {
			isa = XCBuildConfiguration;
			baseConfigurationReference = 023285820BB970841581681F /* Pods-CelyTests.debug.xcconfig */;
			buildSettings = {
				ALWAYS_EMBED_SWIFT_STANDARD_LIBRARIES = YES;
				BUNDLE_LOADER = "$(TEST_HOST)";
				CODE_SIGN_STYLE = Automatic;
				DEVELOPMENT_TEAM = 48647M79X3;
				INFOPLIST_FILE = CelyTests/Info.plist;
				IPHONEOS_DEPLOYMENT_TARGET = 13.2;
				LD_RUNPATH_SEARCH_PATHS = (
					"$(inherited)",
					"@executable_path/Frameworks",
					"@loader_path/Frameworks",
				);
				PRODUCT_BUNDLE_IDENTIFIER = com.CelyTests;
				PRODUCT_NAME = "$(TARGET_NAME)";
				SWIFT_VERSION = 5.0;
				TARGETED_DEVICE_FAMILY = "1,2";
				TEST_HOST = "$(BUILT_PRODUCTS_DIR)/Cely.app/Cely";
			};
			name = Debug;
		};
		63ED24B023B1141E00A44DA5 /* Release */ = {
			isa = XCBuildConfiguration;
			baseConfigurationReference = 3F1872F946710761978097E7 /* Pods-CelyTests.release.xcconfig */;
			buildSettings = {
				ALWAYS_EMBED_SWIFT_STANDARD_LIBRARIES = YES;
				BUNDLE_LOADER = "$(TEST_HOST)";
				CODE_SIGN_STYLE = Automatic;
				DEVELOPMENT_TEAM = 48647M79X3;
				INFOPLIST_FILE = CelyTests/Info.plist;
				IPHONEOS_DEPLOYMENT_TARGET = 13.2;
				LD_RUNPATH_SEARCH_PATHS = (
					"$(inherited)",
					"@executable_path/Frameworks",
					"@loader_path/Frameworks",
				);
				PRODUCT_BUNDLE_IDENTIFIER = com.CelyTests;
				PRODUCT_NAME = "$(TARGET_NAME)";
				SWIFT_VERSION = 5.0;
				TARGETED_DEVICE_FAMILY = "1,2";
				TEST_HOST = "$(BUILT_PRODUCTS_DIR)/Cely.app/Cely";
			};
			name = Release;
		};
		63ED24B223B1141E00A44DA5 /* Debug */ = {
			isa = XCBuildConfiguration;
			baseConfigurationReference = 281AB85CEF530564884FE2FD /* Pods-Cely-CelyUITests.debug.xcconfig */;
			buildSettings = {
				ALWAYS_EMBED_SWIFT_STANDARD_LIBRARIES = YES;
				CODE_SIGN_STYLE = Automatic;
				DEVELOPMENT_TEAM = 48647M79X3;
				INFOPLIST_FILE = CelyUITests/Info.plist;
				LD_RUNPATH_SEARCH_PATHS = (
					"$(inherited)",
					"@executable_path/Frameworks",
					"@loader_path/Frameworks",
				);
				PRODUCT_BUNDLE_IDENTIFIER = com.CelyUITests;
				PRODUCT_NAME = "$(TARGET_NAME)";
				SWIFT_VERSION = 5.0;
				TARGETED_DEVICE_FAMILY = "1,2";
				TEST_TARGET_NAME = Cely;
			};
			name = Debug;
		};
		63ED24B323B1141E00A44DA5 /* Release */ = {
			isa = XCBuildConfiguration;
			baseConfigurationReference = 466FFF1A4FD8E2FC522F46D7 /* Pods-Cely-CelyUITests.release.xcconfig */;
			buildSettings = {
				ALWAYS_EMBED_SWIFT_STANDARD_LIBRARIES = YES;
				CODE_SIGN_STYLE = Automatic;
				DEVELOPMENT_TEAM = 48647M79X3;
				INFOPLIST_FILE = CelyUITests/Info.plist;
				LD_RUNPATH_SEARCH_PATHS = (
					"$(inherited)",
					"@executable_path/Frameworks",
					"@loader_path/Frameworks",
				);
				PRODUCT_BUNDLE_IDENTIFIER = com.CelyUITests;
				PRODUCT_NAME = "$(TARGET_NAME)";
				SWIFT_VERSION = 5.0;
				TARGETED_DEVICE_FAMILY = "1,2";
				TEST_TARGET_NAME = Cely;
			};
			name = Release;
		};
/* End XCBuildConfiguration section */

/* Begin XCConfigurationList section */
		63ED247923B1141B00A44DA5 /* Build configuration list for PBXProject "Cely" */ = {
			isa = XCConfigurationList;
			buildConfigurations = (
				63ED24A923B1141E00A44DA5 /* Debug */,
				63ED24AA23B1141E00A44DA5 /* Release */,
			);
			defaultConfigurationIsVisible = 0;
			defaultConfigurationName = Release;
		};
		63ED24AB23B1141E00A44DA5 /* Build configuration list for PBXNativeTarget "Cely" */ = {
			isa = XCConfigurationList;
			buildConfigurations = (
				63ED24AC23B1141E00A44DA5 /* Debug */,
				63ED24AD23B1141E00A44DA5 /* Release */,
			);
			defaultConfigurationIsVisible = 0;
			defaultConfigurationName = Release;
		};
		63ED24AE23B1141E00A44DA5 /* Build configuration list for PBXNativeTarget "CelyTests" */ = {
			isa = XCConfigurationList;
			buildConfigurations = (
				63ED24AF23B1141E00A44DA5 /* Debug */,
				63ED24B023B1141E00A44DA5 /* Release */,
			);
			defaultConfigurationIsVisible = 0;
			defaultConfigurationName = Release;
		};
		63ED24B123B1141E00A44DA5 /* Build configuration list for PBXNativeTarget "CelyUITests" */ = {
			isa = XCConfigurationList;
			buildConfigurations = (
				63ED24B223B1141E00A44DA5 /* Debug */,
				63ED24B323B1141E00A44DA5 /* Release */,
			);
			defaultConfigurationIsVisible = 0;
			defaultConfigurationName = Release;
		};
/* End XCConfigurationList section */

/* Begin XCVersionGroup section */
		63ED248A23B1141B00A44DA5 /* Cely.xcdatamodeld */ = {
			isa = XCVersionGroup;
			children = (
				63ED248B23B1141B00A44DA5 /* Cely.xcdatamodel */,
			);
			currentVersion = 63ED248B23B1141B00A44DA5 /* Cely.xcdatamodel */;
			path = Cely.xcdatamodeld;
			sourceTree = "<group>";
			versionGroupType = wrapper.xcdatamodel;
		};
/* End XCVersionGroup section */
	};
	rootObject = 63ED247623B1141B00A44DA5 /* Project object */;
}
